
Microsoft Visual Studio Solution File, Format Version 12.00
# Visual Studio Version 17
VisualStudioVersion = 17.3.32929.385
MinimumVisualStudioVersion = 10.0.40219.1
Project("{2150E333-8FDC-42A3-9474-1A3956D46DE8}") = "Domain", "Domain", "{5136286C-2D10-4B3D-988D-1A3F51E9EBE5}"
EndProject
Project("{9A19103F-16F7-4668-BE54-9A1E7A4F7556}") = "Domain.Core", "Domain.Core\Domain.Core.csproj", "{C7E05926-0D52-45A2-A238-567B8364F459}"
EndProject
Project("{9A19103F-16F7-4668-BE54-9A1E7A4F7556}") = "Domain.Interfaces", "Domain.Interfaces\Domain.Interfaces.csproj", "{73FD0AD3-557B-4622-BBBC-7B5308DBFFE2}"
EndProject
Project("{2150E333-8FDC-42A3-9474-1A3956D46DE8}") = "Services", "Services", "{CE9DFCB1-E1E3-4EA9-A251-6B1A73A828D0}"
EndProject
Project("{9A19103F-16F7-4668-BE54-9A1E7A4F7556}") = "Services.Interfaces", "Services.Interfaces\Services.Interfaces.csproj", "{9688ECEF-4849-453E-998D-9B904112EB60}"
EndProject
Project("{2150E333-8FDC-42A3-9474-1A3956D46DE8}") = "Infrastructure", "Infrastructure", "{F7D27316-79B0-430C-829B-A92BB6F63B0A}"
EndProject
Project("{9A19103F-16F7-4668-BE54-9A1E7A4F7556}") = "Infrastructure.Data", "Infrastructure.Data\Infrastructure.Data.csproj", "{09E9566B-2B98-4777-833F-1AB9F37A565D}"
EndProject
Project("{2150E333-8FDC-42A3-9474-1A3956D46DE8}") = "MoqTests", "MoqTests", "{5439BBA0-A9A8-4C86-B18C-DB05D338125C}"
EndProject
Project("{2150E333-8FDC-42A3-9474-1A3956D46DE8}") = "IntegratedTests", "IntegratedTests", "{3A552D35-239B-4505-8E4A-E02761D38CFF}"
EndProject
Project("{2150E333-8FDC-42A3-9474-1A3956D46DE8}") = "ConnectionTests", "ConnectionTests", "{0E38FC93-8F6C-4ABF-BB77-1BF315401430}"
EndProject
Project("{2150E333-8FDC-42A3-9474-1A3956D46DE8}") = "AutomaticTests", "AutomaticTests", "{67BF92F1-6CB1-4C13-9413-F8C725628117}"
EndProject
Project("{2150E333-8FDC-42A3-9474-1A3956D46DE8}") = "Tests", "Tests", "{13F9B933-6AD7-405E-8AEB-95C4624EA2ED}"
EndProject
Project("{9A19103F-16F7-4668-BE54-9A1E7A4F7556}") = "Services.Implementations", "Implementations\Services.Implementations.csproj", "{320F6DD9-0B41-483B-90CA-9ACF0BBAAD70}"
EndProject
Project("{2150E333-8FDC-42A3-9474-1A3956D46DE8}") = "src", "src", "{0BACFCC2-6681-4F3B-BEAE-04E7A6C0B8E6}"
EndProject
Project("{2150E333-8FDC-42A3-9474-1A3956D46DE8}") = "console", "console", "{3553CAC0-79DC-4436-BBE0-C098256B4159}"
EndProject
Project("{9A19103F-16F7-4668-BE54-9A1E7A4F7556}") = "TestConsole", "TestConsole\TestConsole.csproj", "{053599CA-7D13-4102-A2EB-12FC4E0BFC26}"
EndProject
Project("{9A19103F-16F7-4668-BE54-9A1E7A4F7556}") = "IntegratedTest", "InvoiceIntegratedTest\IntegratedTest.csproj", "{23AAE2E1-B319-4806-B6FE-AAA49461B6AB}"
EndProject
Project("{9A19103F-16F7-4668-BE54-9A1E7A4F7556}") = "ConnectionTests", "ConnectionTests\ConnectionTests.csproj", "{E79DA0E2-72B0-4938-A65F-6D0CC6D96786}"
EndProject
Project("{9A19103F-16F7-4668-BE54-9A1E7A4F7556}") = "MoqTests", "MoqTests\MoqTests.csproj", "{709451E8-0B68-46D8-9C9E-1F19B462BEE1}"
EndProject
Project("{9A19103F-16F7-4668-BE54-9A1E7A4F7556}") = "AutomaticTest", "AutomaticTest\AutomaticTest.csproj", "{1CE18DA4-F083-4049-9735-55E7B7C856B2}"
EndProject
Global
	GlobalSection(SolutionConfigurationPlatforms) = preSolution
		Debug|Any CPU = Debug|Any CPU
		Release|Any CPU = Release|Any CPU
	EndGlobalSection
	GlobalSection(ProjectConfigurationPlatforms) = postSolution
		{C7E05926-0D52-45A2-A238-567B8364F459}.Debug|Any CPU.ActiveCfg = Debug|Any CPU
		{C7E05926-0D52-45A2-A238-567B8364F459}.Debug|Any CPU.Build.0 = Debug|Any CPU
		{C7E05926-0D52-45A2-A238-567B8364F459}.Release|Any CPU.ActiveCfg = Release|Any CPU
		{C7E05926-0D52-45A2-A238-567B8364F459}.Release|Any CPU.Build.0 = Release|Any CPU
		{73FD0AD3-557B-4622-BBBC-7B5308DBFFE2}.Debug|Any CPU.ActiveCfg = Debug|Any CPU
		{73FD0AD3-557B-4622-BBBC-7B5308DBFFE2}.Debug|Any CPU.Build.0 = Debug|Any CPU
		{73FD0AD3-557B-4622-BBBC-7B5308DBFFE2}.Release|Any CPU.ActiveCfg = Release|Any CPU
		{73FD0AD3-557B-4622-BBBC-7B5308DBFFE2}.Release|Any CPU.Build.0 = Release|Any CPU
		{9688ECEF-4849-453E-998D-9B904112EB60}.Debug|Any CPU.ActiveCfg = Debug|Any CPU
		{9688ECEF-4849-453E-998D-9B904112EB60}.Debug|Any CPU.Build.0 = Debug|Any CPU
		{9688ECEF-4849-453E-998D-9B904112EB60}.Release|Any CPU.ActiveCfg = Release|Any CPU
		{9688ECEF-4849-453E-998D-9B904112EB60}.Release|Any CPU.Build.0 = Release|Any CPU
		{09E9566B-2B98-4777-833F-1AB9F37A565D}.Debug|Any CPU.ActiveCfg = Debug|Any CPU
		{09E9566B-2B98-4777-833F-1AB9F37A565D}.Debug|Any CPU.Build.0 = Debug|Any CPU
		{09E9566B-2B98-4777-833F-1AB9F37A565D}.Release|Any CPU.ActiveCfg = Release|Any CPU
		{09E9566B-2B98-4777-833F-1AB9F37A565D}.Release|Any CPU.Build.0 = Release|Any CPU
		{320F6DD9-0B41-483B-90CA-9ACF0BBAAD70}.Debug|Any CPU.ActiveCfg = Debug|Any CPU
		{320F6DD9-0B41-483B-90CA-9ACF0BBAAD70}.Debug|Any CPU.Build.0 = Debug|Any CPU
		{320F6DD9-0B41-483B-90CA-9ACF0BBAAD70}.Release|Any CPU.ActiveCfg = Release|Any CPU
		{320F6DD9-0B41-483B-90CA-9ACF0BBAAD70}.Release|Any CPU.Build.0 = Release|Any CPU
		{053599CA-7D13-4102-A2EB-12FC4E0BFC26}.Debug|Any CPU.ActiveCfg = Debug|Any CPU
		{053599CA-7D13-4102-A2EB-12FC4E0BFC26}.Debug|Any CPU.Build.0 = Debug|Any CPU
		{053599CA-7D13-4102-A2EB-12FC4E0BFC26}.Release|Any CPU.ActiveCfg = Release|Any CPU
		{053599CA-7D13-4102-A2EB-12FC4E0BFC26}.Release|Any CPU.Build.0 = Release|Any CPU
		{23AAE2E1-B319-4806-B6FE-AAA49461B6AB}.Debug|Any CPU.ActiveCfg = Debug|Any CPU
		{23AAE2E1-B319-4806-B6FE-AAA49461B6AB}.Debug|Any CPU.Build.0 = Debug|Any CPU
		{23AAE2E1-B319-4806-B6FE-AAA49461B6AB}.Release|Any CPU.ActiveCfg = Release|Any CPU
		{23AAE2E1-B319-4806-B6FE-AAA49461B6AB}.Release|Any CPU.Build.0 = Release|Any CPU
		{E79DA0E2-72B0-4938-A65F-6D0CC6D96786}.Debug|Any CPU.ActiveCfg = Debug|Any CPU
		{E79DA0E2-72B0-4938-A65F-6D0CC6D96786}.Debug|Any CPU.Build.0 = Debug|Any CPU
		{E79DA0E2-72B0-4938-A65F-6D0CC6D96786}.Release|Any CPU.ActiveCfg = Release|Any CPU
		{E79DA0E2-72B0-4938-A65F-6D0CC6D96786}.Release|Any CPU.Build.0 = Release|Any CPU
		{709451E8-0B68-46D8-9C9E-1F19B462BEE1}.Debug|Any CPU.ActiveCfg = Debug|Any CPU
		{709451E8-0B68-46D8-9C9E-1F19B462BEE1}.Debug|Any CPU.Build.0 = Debug|Any CPU
		{709451E8-0B68-46D8-9C9E-1F19B462BEE1}.Release|Any CPU.ActiveCfg = Release|Any CPU
		{709451E8-0B68-46D8-9C9E-1F19B462BEE1}.Release|Any CPU.Build.0 = Release|Any CPU
		{1CE18DA4-F083-4049-9735-55E7B7C856B2}.Debug|Any CPU.ActiveCfg = Debug|Any CPU
		{1CE18DA4-F083-4049-9735-55E7B7C856B2}.Debug|Any CPU.Build.0 = Debug|Any CPU
		{1CE18DA4-F083-4049-9735-55E7B7C856B2}.Release|Any CPU.ActiveCfg = Release|Any CPU
		{1CE18DA4-F083-4049-9735-55E7B7C856B2}.Release|Any CPU.Build.0 = Release|Any CPU
	EndGlobalSection
	GlobalSection(SolutionProperties) = preSolution
		HideSolutionNode = FALSE
	EndGlobalSection
	GlobalSection(NestedProjects) = preSolution
		{5136286C-2D10-4B3D-988D-1A3F51E9EBE5} = {0BACFCC2-6681-4F3B-BEAE-04E7A6C0B8E6}
		{C7E05926-0D52-45A2-A238-567B8364F459} = {5136286C-2D10-4B3D-988D-1A3F51E9EBE5}
		{73FD0AD3-557B-4622-BBBC-7B5308DBFFE2} = {5136286C-2D10-4B3D-988D-1A3F51E9EBE5}
		{CE9DFCB1-E1E3-4EA9-A251-6B1A73A828D0} = {0BACFCC2-6681-4F3B-BEAE-04E7A6C0B8E6}
		{9688ECEF-4849-453E-998D-9B904112EB60} = {CE9DFCB1-E1E3-4EA9-A251-6B1A73A828D0}
		{F7D27316-79B0-430C-829B-A92BB6F63B0A} = {0BACFCC2-6681-4F3B-BEAE-04E7A6C0B8E6}
		{09E9566B-2B98-4777-833F-1AB9F37A565D} = {F7D27316-79B0-430C-829B-A92BB6F63B0A}
		{5439BBA0-A9A8-4C86-B18C-DB05D338125C} = {13F9B933-6AD7-405E-8AEB-95C4624EA2ED}
		{3A552D35-239B-4505-8E4A-E02761D38CFF} = {13F9B933-6AD7-405E-8AEB-95C4624EA2ED}
		{0E38FC93-8F6C-4ABF-BB77-1BF315401430} = {13F9B933-6AD7-405E-8AEB-95C4624EA2ED}
		{67BF92F1-6CB1-4C13-9413-F8C725628117} = {13F9B933-6AD7-405E-8AEB-95C4624EA2ED}
		{320F6DD9-0B41-483B-90CA-9ACF0BBAAD70} = {CE9DFCB1-E1E3-4EA9-A251-6B1A73A828D0}
		{053599CA-7D13-4102-A2EB-12FC4E0BFC26} = {3553CAC0-79DC-4436-BBE0-C098256B4159}
		{23AAE2E1-B319-4806-B6FE-AAA49461B6AB} = {3A552D35-239B-4505-8E4A-E02761D38CFF}
		{E79DA0E2-72B0-4938-A65F-6D0CC6D96786} = {0E38FC93-8F6C-4ABF-BB77-1BF315401430}
		{709451E8-0B68-46D8-9C9E-1F19B462BEE1} = {5439BBA0-A9A8-4C86-B18C-DB05D338125C}
		{1CE18DA4-F083-4049-9735-55E7B7C856B2} = {67BF92F1-6CB1-4C13-9413-F8C725628117}
	EndGlobalSection
	GlobalSection(ExtensibilityGlobals) = postSolution
		SolutionGuid = {BE8666DA-8E0C-4C04-A031-04F28E25A758}
	EndGlobalSection
EndGlobal
